// !$*UTF8*$!
{
	archiveVersion = 1;
	classes = {
	};
	objectVersion = 56;
	objects = {

/* Begin PBXBuildFile section */
		F0A1A1A1A1A1A1A100000001 /* AppDelegate.swift in Sources */ = {isa = PBXBuildFile; fileRef = F0A1A1A1A1A1A1A100000002 /* AppDelegate.swift */; };
		F0A1A1A1A1A1A1A100000003 /* Assets.xcassets in Resources */ = {isa = PBXBuildFile; fileRef = F0A1A1A1A1A1A1A100000004 /* Assets.xcassets */; };
		F0A1A1A1A1A1A1A100000005 /* LaunchScreen.storyboard in Resources */ = {isa = PBXBuildFile; fileRef = F0A1A1A1A1A1A1A100000006 /* LaunchScreen.storyboard */; };
		F0A1A1A1A1A1A1A100000007 /* Main.storyboard in Resources */ = {isa = PBXBuildFile; fileRef = F0A1A1A1A1A1A1A100000008 /* Main.storyboard */; };
		F0A1A1A1A1A1A1A100000009 /* Flutter.framework in Frameworks */ = {isa = PBXBuildFile; fileRef = F0A1A1A1A1A1A1A10000000A /* Flutter.framework */; };
/* End PBXBuildFile section */

/* Begin PBXFileReference section */
		F0A1A1A1A1A1A1A10000000B /* mila_milo.app */ = {isa = PBXFileReference; explicitFileType = wrapper.application; includeInIndex = 0; path = mila_milo.app; sourceTree = BUILT_PRODUCTS_DIR; };
		F0A1A1A1A1A1A1A100000002 /* AppDelegate.swift */ = {isa = PBXFileReference; lastKnownFileType = sourcecode.swift; path = AppDelegate.swift; sourceTree = "<group>"; };
		F0A1A1A1A1A1A1A100000004 /* Assets.xcassets */ = {isa = PBXFileReference; lastKnownFileType = folder.assetcatalog; path = Assets.xcassets; sourceTree = "<group>"; };
		F0A1A1A1A1A1A1A10000000A /* Flutter.framework */ = {isa = PBXFileReference; lastKnownFileType = wrapper.framework; name = Flutter.framework; path = Flutter/Flutter.framework; sourceTree = "<group>"; };
/* End PBXFileReference section */

/* Begin PBXFrameworksBuildPhase section */
		F0A1A1A1A1A1A1A10000000C /* Frameworks */ = {
			isa = PBXFrameworksBuildPhase;
			buildActionMask = 2147483647;
			files = (
				F0A1A1A1A1A1A1A100000009 /* Flutter.framework in Frameworks */,
				
			);
			runOnlyForDeploymentPostprocessing = 0;
		};
/* End PBXFrameworksBuildPhase section */

/* Begin PBXGroup section */
		F0A1A1A1A1A1A1A10000000D = {
			isa = PBXGroup;
			children = (
				F0A1A1A1A1A1A1A10000000E /* Runner */,
				F0A1A1A1A1A1A1A10000000F /* Flutter */,
				F0A1A1A1A1A1A1A100000010 /* Products */,
			);
			sourceTree = "<group>";
		};
		F0A1A1A1A1A1A1A10000000E /* Runner */ = {
			isa = PBXGroup;
			children = (
				F0A1A1A1A1A1A1A100000002 /* AppDelegate.swift */,
				F0A1A1A1A1A1A1A100000011 /* Info.plist */,
				F0A1A1A1A1A1A1A100000004 /* Assets.xcassets */,
				F0A1A1A1A1A1A1A100000006 /* LaunchScreen.storyboard */,
				F0A1A1A1A1A1A1A100000008 /* Main.storyboard */,
			);
			path = Runner;
			sourceTree = "<group>";
		};
		F0A1A1A1A1A1A1A10000000F /* Flutter */ = {
			isa = PBXGroup;
			children = (
				F0A1A1A1A1A1A1A10000000A /* Flutter.framework */,
			);
			name = Flutter;
			sourceTree = "<group>";
		};
		F0A1A1A1A1A1A1A100000010 /* Products */ = {
			isa = PBXGroup;
			children = (
				F0A1A1A1A1A1A1A10000000B /* mila_milo.app */,
			);
			name = Products;
			sourceTree = "<group>";
		};
		F0A1A1A1A1A1A1A100000006 /* LaunchScreen.storyboard */ = {isa = PBXFileReference; lastKnownFileType = file.storyboard; path = LaunchScreen.storyboard; sourceTree = "<group>"; };
		F0A1A1A1A1A1A1A100000008 /* Main.storyboard */ = {isa = PBXFileReference; lastKnownFileType = file.storyboard; path = Main.storyboard; sourceTree = "<group>"; };
		F0A1A1A1A1A1A1A100000011 /* Info.plist */ = {isa = PBXFileReference; lastKnownFileType = text.plist.xml; path = Info.plist; sourceTree = "<group>"; };
/* End PBXGroup section */

/* Begin PBXNativeTarget section */
		F0A1A1A1A1A1A1A100000012 /* Runner */ = {
			isa = PBXNativeTarget;
			buildConfigurationList = F0A1A1A1A1A1A1A100000015 /* Build configuration list for PBXNativeTarget "Runner" */;
			buildPhases = (
				F0A1A1A1A1A1A1A100000013 /* Sources */,
				F0A1A1A1A1A1A1A10000000C /* Frameworks */,
				F0A1A1A1A1A1A1A100000016 /* Resources */,
				F0A1A1A1A1A1A1A100000017 /* Flutter */,
			);
			buildRules = (
			);
			dependencies = (
			);
			name = Runner;
			productName = Runner;
			productReference = F0A1A1A1A1A1A1A10000000B /* mila_milo.app */;
			productType = "com.apple.product-type.application";
		};
/* End PBXNativeTarget section */

/* Begin PBXProject section */
		F0A1A1A1A1A1A1A100000018 /* Project object */ = {
			isa = PBXProject;
			attributes = {
				BuildIndependentTargetsInParallel = 1;
				LastSwiftUpdateCheck = 1500;
				LastUpgradeCheck = 1500;
				TargetAttributes = {
					F0A1A1A1A1A1A1A100000012 = {
						CreatedOnToolsVersion = 15.0;
					};
				};
			};
			buildConfigurationList = F0A1A1A1A1A1A1A100000019 /* Build configuration list for PBXProject "Runner" */;
			compatibilityVersion = "Xcode 14.0";
			developmentRegion = en;
			hasScannedForEncodings = 0;
			knownRegions = (
				en,
				Base,
			);
			mainGroup = F0A1A1A1A1A1A1A10000000D;
			productRefGroup = F0A1A1A1A1A1A1A100000010 /* Products */;
			projectDirPath = "";
			projectRoot = "";
			targets = (
				F0A1A1A1A1A1A1A100000012 /* Runner */,
			);
		};
/* End PBXProject section */

/* Begin PBXResourcesBuildPhase section */
		F0A1A1A1A1A1A1A100000016 /* Resources */ = {
			isa = PBXResourcesBuildPhase;
			buildActionMask = 2147483647;
			files = (
				F0A1A1A1A1A1A1A100000009 /* Flutter.framework in Frameworks */,
				
				F0A1A1A1A1A1A1A100000003 /* Assets.xcassets in Resources */,
				F0A1A1A1A1A1A1A100000005 /* LaunchScreen.storyboard in Resources */,
				F0A1A1A1A1A1A1A100000007 /* Main.storyboard in Resources */,
			);
			runOnlyForDeploymentPostprocessing = 0;
		};
/* End PBXResourcesBuildPhase section */

/* Begin PBXShellScriptBuildPhase section */
		F0A1A1A1A1A1A1A100000017 /* Flutter */ = {
			isa = PBXShellScriptBuildPhase;
			buildActionMask = 2147483647;
			files = (
				F0A1A1A1A1A1A1A100000009 /* Flutter.framework in Frameworks */,
			);
			inputFileListPaths = (
				"${FLUTTER_ROOT}/flutter/ephemeral/flutter_build_inputs.xcfilelist",
			);
			inputPaths = (
				"${PODS_ROOT}/../Flutter/Generated.xcconfig",
				"${PODS_ROOT}/../Flutter/ephemeral/Flutter-Generated.xcconfig",
			);
			name = Flutter;
			outputFileListPaths = (
				"${FLUTTER_ROOT}/flutter/ephemeral/flutter_build_outputs.xcfilelist",
			);
			outputPaths = (
			);
			runOnlyForDeploymentPostprocessing = 0;
			shellPath = /bin/sh;
			shellScript = "${FLUTTER_ROOT}/packages/flutter_tools/bin/xcode_backend.sh build";
		};
/* End PBXShellScriptBuildPhase section */

/* Begin PBXSourcesBuildPhase section */
		F0A1A1A1A1A1A1A100000013 /* Sources */ = {
			isa = PBXSourcesBuildPhase;
			buildActionMask = 2147483647;
			files = (
				F0A1A1A1A1A1A1A100000009 /* Flutter.framework in Frameworks */,
				F0A1A1A1A1A1A1A100000001 /* AppDelegate.swift in Sources */,
			);
			runOnlyForDeploymentPostprocessing = 0;
		};
/* End PBXSourcesBuildPhase section */

/* Begin XCBuildConfiguration section */
		F0A1A1A1A1A1A1A10000001A /* Debug */ = {
			isa = XCBuildConfiguration;
			buildSettings = {
				ALWAYS_SEARCH_USER_PATHS = NO;
				ASSETCATALOG_COMPILER_GENERATE_SWIFT_ASSET_SYMBOL_EXTENSIONS = YES;
				CLANG_ANALYZER_NONNULL = YES;
				CLANG_CXX_LANGUAGE_STANDARD = "gnu++20";
				COPY_PHASE_STRIP = NO;
				DEBUG_INFORMATION_FORMAT = dwarf;
				ENABLE_STRICT_OBJC_MSGSEND = YES;
				ENABLE_TESTABILITY = YES;
				GCC_C_LANGUAGE_STANDARD = gnu17;
				GCC_DYNAMIC_NO_PIC = NO;
				GCC_OPTIMIZATION_LEVEL = 0;
				GCC_PREPROCESSOR_DEFINITIONS = (
					"DEBUG=1",
					"$(inherited)",
				);
				GCC_WARN_64_TO_32_BIT_CONVERSION = YES;
				GCC_WARN_ABOUT_RETURN_TYPE = YES_ERROR;
				GCC_WARN_UNDECLARED_SELECTOR = YES;
				GCC_WARN_UNINITIALIZED_AUTOS = YES_AGGRESSIVE;
				GCC_WARN_UNUSED_FUNCTION = YES;
				GCC_WARN_UNUSED_VARIABLE = YES;
				IPHONEOS_DEPLOYMENT_TARGET = 12.0;
				LOCALIZATION_PREFERS_STRING_CATALOGS = YES;
				MTL_ENABLE_DEBUG_INFO = INCLUDE_SOURCE;
				MTL_FAST_MATH = YES;
				ONLY_ACTIVE_ARCH = YES;
				SDKROOT = iphoneos;
				SWIFT_ACTIVE_COMPILATION_CONDITIONS = "DEBUG $(inherited)";
				SWIFT_OPTIMIZATION_LEVEL = "-Onone";
			};
			name = Debug;
		};
		F0A1A1A1A1A1A1A10000001B /* Release */ = {
			isa = XCBuildConfiguration;
			buildSettings = {
				ALWAYS_SEARCH_USER_PATHS = NO;
				ASSETCATALOG_COMPILER_GENERATE_SWIFT_ASSET_SYMBOL_EXTENSIONS = YES;
				CLANG_ANALYZER_NONNULL = YES;
				CLANG_CXX_LANGUAGE_STANDARD = "gnu++20";
				COPY_PHASE_STRIP = NO;
				DEBUG_INFORMATION_FORMAT = "dwarf-with-dsym";
				ENABLE_NS_ASSERTIONS = NO;
				ENABLE_STRICT_OBJC_MSGSEND = YES;
				GCC_C_LANGUAGE_STANDARD = gnu17;
				GCC_WARN_64_TO_32_BIT_CONVERSION = YES;
				GCC_WARN_ABOUT_RETURN_TYPE = YES_ERROR;
				GCC_WARN_UNDECLARED_SELECTOR = YES;
				GCC_WARN_UNINITIALIZED_AUTOS = YES_AGGRESSIVE;
				GCC_WARN_UNUSED_FUNCTION = YES;
				GCC_WARN_UNUSED_VARIABLE = YES;
				IPHONEOS_DEPLOYMENT_TARGET = 12.0;
				LOCALIZATION_PREFERS_STRING_CATALOGS = YES;
				MTL_ENABLE_DEBUG_INFO = NO;
				MTL_FAST_MATH = YES;
				SDKROOT = iphoneos;
				SWIFT_COMPILATION_MODE = wholemodule;
				VALIDATE_PRODUCT = YES;
			};
			name = Release;
		};
		F0A1A1A1A1A1A1A10000001C /* Debug */ = {
			isa = XCBuildConfiguration;
			buildSettings = {
				ASSETCATALOG_COMPILER_APPICON_NAME = AppIcon;
				ASSETCATALOG_COMPILER_GLOBAL_ACCENT_COLOR_NAME = AccentColor;
				CLANG_ENABLE_MODULES = YES;
				CODE_SIGN_STYLE = Automatic;
				CURRENT_PROJECT_VERSION = "$(FLUTTER_BUILD_NUMBER)";
				DEVELOPMENT_TEAM = "";
				ENABLE_BITCODE = NO;
				INFOPLIST_FILE = Runner/Info.plist;
				LD_RUNPATH_SEARCH_PATHS = (
					"$(inherited)",
					"@executable_path/Frameworks",
				);
				MARKETING_VERSION = "$(FLUTTER_BUILD_NAME)";
				PRODUCT_BUNDLE_IDENTIFIER = com.sensibyte.milaMilo;
				PRODUCT_NAME = "$(TARGET_NAME)";
				SWIFT_OBJC_BRIDGING_HEADER = "";
				SWIFT_OBJC_INTERFACE_HEADER_NAME = "";
				SWIFT_OPTIMIZATION_LEVEL = "-Onone";
				SWIFT_VERSION = 5.0;
				TARGETED_DEVICE_FAMILY = "1,2";
			};
			name = Debug;
		};
		F0A1A1A1A1A1A1A10000001D /* Release */ = {
			isa = XCBuildConfiguration;
			buildSettings = {
				ASSETCATALOG_COMPILER_APPICON_NAME = AppIcon;
				ASSETCATALOG_COMPILER_GLOBAL_ACCENT_COLOR_NAME = AccentColor;
				CLANG_ENABLE_MODULES = YES;
				CODE_SIGN_STYLE = Automatic;
				CURRENT_PROJECT_VERSION = "$(FLUTTER_BUILD_NUMBER)";
				DEVELOPMENT_TEAM = "";
				ENABLE_BITCODE = NO;
				INFOPLIST_FILE = Runner/Info.plist;
				LD_RUNPATH_SEARCH_PATHS = (
					"$(inherited)",
					"@executable_path/Frameworks",
				);
				MARKETING_VERSION = "$(FLUTTER_BUILD_NAME)";
				PRODUCT_BUNDLE_IDENTIFIER = com.sensibyte.milaMilo;
				PRODUCT_NAME = "$(TARGET_NAME)";
				SWIFT_OBJC_BRIDGING_HEADER = "";
				SWIFT_OBJC_INTERFACE_HEADER_NAME = "";
				SWIFT_VERSION = 5.0;
				TARGETED_DEVICE_FAMILY = "1,2";
			};
			name = Release;
		};
/* End XCBuildConfiguration section */

/* Begin XCConfigurationList section */
		F0A1A1A1A1A1A1A100000019 /* Build configuration list for PBXProject "Runner" */ = {
			isa = XCConfigurationList;
			buildConfigurations = (
				F0A1A1A1A1A1A1A10000001A /* Debug */,
				F0A1A1A1A1A1A1A10000001B /* Release */,
			);
			defaultConfigurationIsVisible = 1;
			defaultConfigurationName = Release;
		};
		F0A1A1A1A1A1A1A100000015 /* Build configuration list for PBXNativeTarget "Runner" */ = {
			isa = XCConfigurationList;
			buildConfigurations = (
				F0A1A1A1A1A1A1A10000001C /* Debug */,
				F0A1A1A1A1A1A1A10000001D /* Release */,
			);
			defaultConfigurationIsVisible = 1;
			defaultConfigurationName = Release;
		};
/* End XCConfigurationList section */
	};
	rootObject = F0A1A1A1A1A1A1A100000018 /* Project object */;
}
